
Microsoft Visual Studio Solution File, Format Version 12.00
# Visual Studio Version 17
VisualStudioVersion = 17.0.31912.275
MinimumVisualStudioVersion = 10.0.40219.1
Project("{9A19103F-16F7-4668-BE54-9A1E7A4F7556}") = "RedisJsonPlayground", "OM\RedisJsonPlayground.csproj", "{B61FC095-9E43-4032-BFCE-3C31076B2908}"
EndProject
Project("{2150E333-8FDC-42A3-9474-1A3956D46DE8}") = "Solution Items", "Solution Items", "{2CC8481E-8314-40C7-B0D3-39ABFFC8053B}"
	ProjectSection(SolutionItems) = preProject
		.editorconfig = .editorconfig
	EndProjectSection
EndProject
Project("{9A19103F-16F7-4668-BE54-9A1E7A4F7556}") = "StackExchange", "StackExchange\StackExchange.csproj", "{5F641848-077B-443C-87A8-E10F3B227AC4}"
EndProject
Global
	GlobalSection(SolutionConfigurationPlatforms) = preSolution
		Debug|Any CPU = Debug|Any CPU
		Release|Any CPU = Release|Any CPU
	EndGlobalSection
	GlobalSection(ProjectConfigurationPlatforms) = postSolution
		{B61FC095-9E43-4032-BFCE-3C31076B2908}.Debug|Any CPU.ActiveCfg = Debug|Any CPU
		{B61FC095-9E43-4032-BFCE-3C31076B2908}.Debug|Any CPU.Build.0 = Debug|Any CPU
		{B61FC095-9E43-4032-BFCE-3C31076B2908}.Release|Any CPU.ActiveCfg = Release|Any CPU
		{B61FC095-9E43-4032-BFCE-3C31076B2908}.Release|Any CPU.Build.0 = Release|Any CPU
		{5F641848-077B-443C-87A8-E10F3B227AC4}.Debug|Any CPU.ActiveCfg = Debug|Any CPU
		{5F641848-077B-443C-87A8-E10F3B227AC4}.Debug|Any CPU.Build.0 = Debug|Any CPU
		{5F641848-077B-443C-87A8-E10F3B227AC4}.Release|Any CPU.ActiveCfg = Release|Any CPU
		{5F641848-077B-443C-87A8-E10F3B227AC4}.Release|Any CPU.Build.0 = Release|Any CPU
	EndGlobalSection
	GlobalSection(SolutionProperties) = preSolution
		HideSolutionNode = FALSE
	EndGlobalSection
	GlobalSection(ExtensibilityGlobals) = postSolution
		SolutionGuid = {100C8AF7-9489-4CA8-898D-2194E1C11495}
	EndGlobalSection
EndGlobal
